# This file is generated by running "yarn install" inside your project.
# Manual changes might be lost - proceed with caution!

__metadata:
  version: 8
  cacheKey: 10c0

"@types/ace@npm:*":
  version: 0.0.52
  resolution: "@types/ace@npm:0.0.52"
  checksum: 10c0/10ec36811590fbee532b451881b116d03c0dac3ec47f65486b9b302c09d19be2f69e4fb8551a14fdabd45c64c88aeeec6c1bd80e3fa153d504871a3f9ea261e7
  languageName: node
  linkType: hard

"@types/body-parser@npm:*":
  version: 1.19.5
  resolution: "@types/body-parser@npm:1.19.5"
  dependencies:
    "@types/connect": "npm:*"
    "@types/node": "npm:*"
  checksum: 10c0/aebeb200f25e8818d8cf39cd0209026750d77c9b85381cdd8deeb50913e4d18a1ebe4b74ca9b0b4d21952511eeaba5e9fbbf739b52731a2061e206ec60d568df
  languageName: node
  linkType: hard

"@types/connect@npm:*":
  version: 3.4.38
  resolution: "@types/connect@npm:3.4.38"
  dependencies:
    "@types/node": "npm:*"
  checksum: 10c0/2e1cdba2c410f25649e77856505cd60223250fa12dff7a503e492208dbfdd25f62859918f28aba95315251fd1f5e1ffbfca1e25e73037189ab85dd3f8d0a148c
  languageName: node
  linkType: hard

"@types/cors@npm:*":
  version: 2.8.17
  resolution: "@types/cors@npm:2.8.17"
  dependencies:
    "@types/node": "npm:*"
  checksum: 10c0/457364c28c89f3d9ed34800e1de5c6eaaf344d1bb39af122f013322a50bc606eb2aa6f63de4e41a7a08ba7ef454473926c94a830636723da45bf786df032696d
  languageName: node
  linkType: hard

"@types/express-serve-static-core@npm:^5.0.0":
  version: 5.0.1
  resolution: "@types/express-serve-static-core@npm:5.0.1"
  dependencies:
    "@types/node": "npm:*"
    "@types/qs": "npm:*"
    "@types/range-parser": "npm:*"
    "@types/send": "npm:*"
  checksum: 10c0/42919f9de55e9fd1524dc72c2f06a3f3e7fbd21f42ccc6e71ea2d530c8942cc0004d468f09e8557bf51c585d9673efd455b9668c2cd2416f5d61e70dc1bc49ac
  languageName: node
  linkType: hard

"@types/express@npm:*":
  version: 5.0.0
  resolution: "@types/express@npm:5.0.0"
  dependencies:
    "@types/body-parser": "npm:*"
    "@types/express-serve-static-core": "npm:^5.0.0"
    "@types/qs": "npm:*"
    "@types/serve-static": "npm:*"
  checksum: 10c0/0d74b53aefa69c3b3817ee9b5145fd50d7dbac52a8986afc2d7500085c446656d0b6dc13158c04e2d9f18f4324d4d93b0452337c5ff73dd086dca3e4ff11f47b
  languageName: node
  linkType: hard

"@types/http-errors@npm:*":
  version: 2.0.4
  resolution: "@types/http-errors@npm:2.0.4"
  checksum: 10c0/494670a57ad4062fee6c575047ad5782506dd35a6b9ed3894cea65830a94367bd84ba302eb3dde331871f6d70ca287bfedb1b2cf658e6132cd2cbd427ab56836
  languageName: node
  linkType: hard

"@types/jquery@npm:*":
  version: 3.5.32
  resolution: "@types/jquery@npm:3.5.32"
  dependencies:
    "@types/sizzle": "npm:*"
  checksum: 10c0/4a17ad6819b89026c21323656ab01b0b263f9d470910a87c8740920ff98319d503c7352b85b50134a39724ecbfccabc73aa4c741dfdd460cf8bbe714f9259054
  languageName: node
  linkType: hard

"@types/mime@npm:^1":
  version: 1.3.5
  resolution: "@types/mime@npm:1.3.5"
  checksum: 10c0/c2ee31cd9b993804df33a694d5aa3fa536511a49f2e06eeab0b484fef59b4483777dbb9e42a4198a0809ffbf698081fdbca1e5c2218b82b91603dfab10a10fbc
  languageName: node
  linkType: hard

"@types/node-red@npm:^1.3.5":
  version: 1.3.5
  resolution: "@types/node-red@npm:1.3.5"
  dependencies:
    "@types/express": "npm:*"
    "@types/node-red__editor-api": "npm:*"
    "@types/node-red__editor-client": "npm:*"
    "@types/node-red__registry": "npm:*"
    "@types/node-red__runtime": "npm:*"
    "@types/node-red__util": "npm:*"
  checksum: 10c0/f0dfd24b49a7564340236e79f9de2f8aef30d60c40ac8b50399c702c4df6c1863bf44c4d092c1dfe103338a1bb70b61bf89a59d2d184e83ebbc6a237a5f2204b
  languageName: node
  linkType: hard

"@types/node-red__editor-api@npm:*":
  version: 1.3.5
  resolution: "@types/node-red__editor-api@npm:1.3.5"
  dependencies:
    "@types/express": "npm:*"
    "@types/node-red__runtime": "npm:*"
  checksum: 10c0/34b1b30dae3b94a056277f4401052b47a34c661e7687d602f4ccc81886cda50b63c35cfce32175a876585d4108a1a030826542dcc715d43d257591eb887c32ae
  languageName: node
  linkType: hard

"@types/node-red__editor-client@npm:*":
  version: 1.3.11
  resolution: "@types/node-red__editor-client@npm:1.3.11"
  dependencies:
    "@types/ace": "npm:*"
    "@types/jquery": "npm:*"
    "@types/node-red__registry": "npm:*"
    "@types/node-red__runtime": "npm:*"
    "@types/node-red__util": "npm:*"
  checksum: 10c0/b1a5c16c7a5b71adaa78a4dcaa0818f84b2fca7ed9e2dac894eca371e1a47f817fca380dec64a1bdc6422310d8917f8d0df23c240aac7f627c7bf8dda389f23d
  languageName: node
  linkType: hard

"@types/node-red__registry@npm:*":
  version: 1.3.10
  resolution: "@types/node-red__registry@npm:1.3.10"
  dependencies:
    "@types/express": "npm:*"
    "@types/node-red__runtime": "npm:*"
    "@types/node-red__util": "npm:*"
  checksum: 10c0/a4efff1c87ff965cf8922e5f29af7836a872f342d5860762def1cf975d13d5fceb0bc18acb2ca49a960514e5a5e6525f3e18ac3cf04c20742852d5506d728893
  languageName: node
  linkType: hard

"@types/node-red__runtime@npm:*":
  version: 1.3.8
  resolution: "@types/node-red__runtime@npm:1.3.8"
  dependencies:
    "@types/cors": "npm:*"
    "@types/express": "npm:*"
    "@types/node-red__editor-api": "npm:*"
    "@types/node-red__util": "npm:*"
    "@types/passport": "npm:*"
  checksum: 10c0/f9ece8f5eac859b28ae3063bc0b25af3c47b95d685fc83ac9a5709684e13c380bdb9f9cbda7709a31f54fcdc62df550908986a6de742296da5e39efa185c919e
  languageName: node
  linkType: hard

"@types/node-red__util@npm:*":
  version: 1.3.8
  resolution: "@types/node-red__util@npm:1.3.8"
  dependencies:
    "@types/node-red__registry": "npm:*"
    "@types/node-red__runtime": "npm:*"
    jsonata: "npm:2.0.5"
  checksum: 10c0/d8ad64c522d5e702d93d69ccad0cd56b3caeaddf7831fbd0b9ea84c2a4a8111f1ab8a3aba6dd976cdf34811d1ebfc139bd700d4874d034dc738871c3394605c6
  languageName: node
  linkType: hard

"@types/node@npm:*, @types/node@npm:^22.7.5":
  version: 22.8.4
  resolution: "@types/node@npm:22.8.4"
  dependencies:
    undici-types: "npm:~6.19.8"
  checksum: 10c0/f88d030480630194a9168772462ec09b2d86454f34368c46d2b7fda5dc6e14594b1576fcc5c35cc53b57a4d1e8dd2865a85ae81f34ded0d1af753a0f5d294c25
  languageName: node
  linkType: hard

"@types/passport@npm:*":
  version: 1.0.17
  resolution: "@types/passport@npm:1.0.17"
  dependencies:
    "@types/express": "npm:*"
  checksum: 10c0/09039429a9178117a80880c4e7d437abc83216eac5e0c97bc6f14a03a59193386cff484931dc880693f8b13a512c366ef7a51ecd8cc1a63f17366be68161f633
  languageName: node
  linkType: hard

"@types/qs@npm:*":
  version: 6.9.16
  resolution: "@types/qs@npm:6.9.16"
  checksum: 10c0/a4e871b80fff623755e356fd1f225aea45ff7a29da30f99fddee1a05f4f5f33485b314ab5758145144ed45708f97e44595aa9a8368e9bbc083932f931b12dbb6
  languageName: node
  linkType: hard

"@types/range-parser@npm:*":
  version: 1.2.7
  resolution: "@types/range-parser@npm:1.2.7"
  checksum: 10c0/361bb3e964ec5133fa40644a0b942279ed5df1949f21321d77de79f48b728d39253e5ce0408c9c17e4e0fd95ca7899da36841686393b9f7a1e209916e9381a3c
  languageName: node
  linkType: hard

"@types/send@npm:*":
  version: 0.17.4
  resolution: "@types/send@npm:0.17.4"
  dependencies:
    "@types/mime": "npm:^1"
    "@types/node": "npm:*"
  checksum: 10c0/7f17fa696cb83be0a104b04b424fdedc7eaba1c9a34b06027239aba513b398a0e2b7279778af521f516a397ced417c96960e5f50fcfce40c4bc4509fb1a5883c
  languageName: node
  linkType: hard

"@types/serve-static@npm:*":
  version: 1.15.7
  resolution: "@types/serve-static@npm:1.15.7"
  dependencies:
    "@types/http-errors": "npm:*"
    "@types/node": "npm:*"
    "@types/send": "npm:*"
  checksum: 10c0/26ec864d3a626ea627f8b09c122b623499d2221bbf2f470127f4c9ebfe92bd8a6bb5157001372d4c4bd0dd37a1691620217d9dc4df5aa8f779f3fd996b1c60ae
  languageName: node
  linkType: hard

"@types/sizzle@npm:*":
  version: 2.3.9
  resolution: "@types/sizzle@npm:2.3.9"
  checksum: 10c0/db0277ff62e8ebe6cdae2020fd045fd7fd19f29a3a2ce13c555b14fb00e105e79004883732118b9f2e8b943cb302645e9eddb4e7bdeef1a171da679cd4c32b72
  languageName: node
  linkType: hard

"jsonata@npm:2.0.5":
  version: 2.0.5
  resolution: "jsonata@npm:2.0.5"
  checksum: 10c0/ecf3f0a0ec6af59b7ebab303f417f00ca06309e7fe0aaad25b103447e53edfe3e6e2cb228195cbceafcf0d3a77b7944c3b8bda44e0b4cb4faa2fb140e22e2513
  languageName: node
  linkType: hard

"nodes@workspace:.":
  version: 0.0.0-use.local
  resolution: "nodes@workspace:."
  dependencies:
    "@types/node": "npm:^22.7.5"
    "@types/node-red": "npm:^1.3.5"
    prettier: "npm:^3.3.3"
    typescript: "npm:^5.6.3"
  languageName: unknown
  linkType: soft

"prettier@npm:^3.3.3":
  version: 3.3.3
  resolution: "prettier@npm:3.3.3"
  bin:
    prettier: bin/prettier.cjs
  checksum: 10c0/b85828b08e7505716324e4245549b9205c0cacb25342a030ba8885aba2039a115dbcf75a0b7ca3b37bc9d101ee61fab8113fc69ca3359f2a226f1ecc07ad2e26
  languageName: node
  linkType: hard

"typescript@npm:^5.6.3":
  version: 5.6.3
  resolution: "typescript@npm:5.6.3"
  bin:
    tsc: bin/tsc
    tsserver: bin/tsserver
  checksum: 10c0/44f61d3fb15c35359bc60399cb8127c30bae554cd555b8e2b46d68fa79d680354b83320ad419ff1b81a0bdf324197b29affe6cc28988cd6a74d4ac60c94f9799
  languageName: node
  linkType: hard

"typescript@patch:typescript@npm%3A^5.6.3#optional!builtin<compat/typescript>":
  version: 5.6.3
  resolution: "typescript@patch:typescript@npm%3A5.6.3#optional!builtin<compat/typescript>::version=5.6.3&hash=8c6c40"
  bin:
    tsc: bin/tsc
    tsserver: bin/tsserver
  checksum: 10c0/7c9d2e07c81226d60435939618c91ec2ff0b75fbfa106eec3430f0fcf93a584bc6c73176676f532d78c3594fe28a54b36eb40b3d75593071a7ec91301533ace7
  languageName: node
  linkType: hard

"undici-types@npm:~6.19.8":
  version: 6.19.8
  resolution: "undici-types@npm:6.19.8"
  checksum: 10c0/078afa5990fba110f6824823ace86073b4638f1d5112ee26e790155f481f2a868cc3e0615505b6f4282bdf74a3d8caad715fd809e870c2bb0704e3ea6082f344
  languageName: node
  linkType: hard
